// !$*UTF8*$!
{
	archiveVersion = 1;
	classes = {
	};
	objectVersion = 46;
	objects = {

/* Begin PBXBuildFile section */
		141454B8166269F9003B21E0 /* FMFacebookPanel.bundle in Resources */ = {isa = PBXBuildFile; fileRef = 141454B2166269F9003B21E0 /* FMFacebookPanel.bundle */; };
		141454B9166269F9003B21E0 /* FMFacebookPanel.m in Sources */ = {isa = PBXBuildFile; fileRef = 141454B4166269F9003B21E0 /* FMFacebookPanel.m */; };
		141454BB16626B9F003B21E0 /* Accounts.framework in Frameworks */ = {isa = PBXBuildFile; fileRef = 141454BA16626B9F003B21E0 /* Accounts.framework */; settings = {ATTRIBUTES = (Weak, ); }; };
		141454BD16626BF1003B21E0 /* libsqlite3.dylib in Frameworks */ = {isa = PBXBuildFile; fileRef = 141454BC16626BF1003B21E0 /* libsqlite3.dylib */; settings = {ATTRIBUTES = (Weak, ); }; };
		141454C116626C7A003B21E0 /* AdSupport.framework in Frameworks */ = {isa = PBXBuildFile; fileRef = 141454C016626C7A003B21E0 /* AdSupport.framework */; settings = {ATTRIBUTES = (Weak, ); }; };
		149C14F015D94E7000382841 /* QuartzCore.framework in Frameworks */ = {isa = PBXBuildFile; fileRef = 149C14EF15D94E7000382841 /* QuartzCore.framework */; };
		14B2828915BEF1420030CAC5 /* UIKit.framework in Frameworks */ = {isa = PBXBuildFile; fileRef = 14B2828815BEF1420030CAC5 /* UIKit.framework */; };
		14B2828B15BEF1420030CAC5 /* Foundation.framework in Frameworks */ = {isa = PBXBuildFile; fileRef = 14B2828A15BEF1420030CAC5 /* Foundation.framework */; };
		14B2828D15BEF1420030CAC5 /* CoreGraphics.framework in Frameworks */ = {isa = PBXBuildFile; fileRef = 14B2828C15BEF1420030CAC5 /* CoreGraphics.framework */; };
		14B2829315BEF1420030CAC5 /* InfoPlist.strings in Resources */ = {isa = PBXBuildFile; fileRef = 14B2829115BEF1420030CAC5 /* InfoPlist.strings */; };
		14B2829515BEF1420030CAC5 /* main.m in Sources */ = {isa = PBXBuildFile; fileRef = 14B2829415BEF1420030CAC5 /* main.m */; };
		14B2829915BEF1420030CAC5 /* AppDelegate.m in Sources */ = {isa = PBXBuildFile; fileRef = 14B2829815BEF1420030CAC5 /* AppDelegate.m */; };
		14B2829C15BEF1420030CAC5 /* MainStoryboard_iPhone.storyboard in Resources */ = {isa = PBXBuildFile; fileRef = 14B2829A15BEF1420030CAC5 /* MainStoryboard_iPhone.storyboard */; };
		14B2829F15BEF1420030CAC5 /* MainStoryboard_iPad.storyboard in Resources */ = {isa = PBXBuildFile; fileRef = 14B2829D15BEF1420030CAC5 /* MainStoryboard_iPad.storyboard */; };
		14B282A215BEF1420030CAC5 /* ViewController.m in Sources */ = {isa = PBXBuildFile; fileRef = 14B282A115BEF1420030CAC5 /* ViewController.m */; };
		6539DA6117410BB500FE3EE0 /* Default-568h@2x.png in Resources */ = {isa = PBXBuildFile; fileRef = 6539DA5717410BB500FE3EE0 /* Default-568h@2x.png */; };
		6539DA6217410BB500FE3EE0 /* Default-Landscape.png in Resources */ = {isa = PBXBuildFile; fileRef = 6539DA5817410BB500FE3EE0 /* Default-Landscape.png */; };
		6539DA6317410BB500FE3EE0 /* Default-Portrait.png in Resources */ = {isa = PBXBuildFile; fileRef = 6539DA5917410BB500FE3EE0 /* Default-Portrait.png */; };
		6539DA6417410BB500FE3EE0 /* Default.png in Resources */ = {isa = PBXBuildFile; fileRef = 6539DA5A17410BB500FE3EE0 /* Default.png */; };
		6539DA6517410BB500FE3EE0 /* Default@2x.png in Resources */ = {isa = PBXBuildFile; fileRef = 6539DA5B17410BB500FE3EE0 /* Default@2x.png */; };
		6539DA6617410BB500FE3EE0 /* Flubber.png in Resources */ = {isa = PBXBuildFile; fileRef = 6539DA5C17410BB500FE3EE0 /* Flubber.png */; };
		6539DA6717410BB500FE3EE0 /* Icon-72.png in Resources */ = {isa = PBXBuildFile; fileRef = 6539DA5D17410BB500FE3EE0 /* Icon-72.png */; };
		6539DA6817410BB500FE3EE0 /* Icon-72@2x.png in Resources */ = {isa = PBXBuildFile; fileRef = 6539DA5E17410BB500FE3EE0 /* Icon-72@2x.png */; };
		6539DA6917410BB500FE3EE0 /* Icon.png in Resources */ = {isa = PBXBuildFile; fileRef = 6539DA5F17410BB500FE3EE0 /* Icon.png */; };
		6539DA6A17410BB500FE3EE0 /* Icon@2x.png in Resources */ = {isa = PBXBuildFile; fileRef = 6539DA6017410BB500FE3EE0 /* Icon@2x.png */; };
		6539DA7317410CE300FE3EE0 /* SVProgressHUD.bundle in Resources */ = {isa = PBXBuildFile; fileRef = 6539DA7017410CE300FE3EE0 /* SVProgressHUD.bundle */; };
		6539DA7417410CE300FE3EE0 /* SVProgressHUD.m in Sources */ = {isa = PBXBuildFile; fileRef = 6539DA7217410CE300FE3EE0 /* SVProgressHUD.m */; };
		6539DA7617410D5200FE3EE0 /* Security.framework in Frameworks */ = {isa = PBXBuildFile; fileRef = 6539DA7517410D5200FE3EE0 /* Security.framework */; settings = {ATTRIBUTES = (Weak, ); }; };
		6539DA7817410D5700FE3EE0 /* Social.framework in Frameworks */ = {isa = PBXBuildFile; fileRef = 6539DA7717410D5700FE3EE0 /* Social.framework */; settings = {ATTRIBUTES = (Weak, ); }; };
		65ACF77A18836997006342CA /* FacebookSDK.framework in Frameworks */ = {isa = PBXBuildFile; fileRef = 65ACF77918836997006342CA /* FacebookSDK.framework */; };
/* End PBXBuildFile section */

/* Begin PBXFileReference section */
		141454B2166269F9003B21E0 /* FMFacebookPanel.bundle */ = {isa = PBXFileReference; lastKnownFileType = "wrapper.plug-in"; path = FMFacebookPanel.bundle; sourceTree = "<group>"; };
		141454B3166269F9003B21E0 /* FMFacebookPanel.h */ = {isa = PBXFileReference; fileEncoding = 4; lastKnownFileType = sourcecode.c.h; path = FMFacebookPanel.h; sourceTree = "<group>"; };
		141454B4166269F9003B21E0 /* FMFacebookPanel.m */ = {isa = PBXFileReference; fileEncoding = 4; lastKnownFileType = sourcecode.c.objc; path = FMFacebookPanel.m; sourceTree = "<group>"; };
		141454BA16626B9F003B21E0 /* Accounts.framework */ = {isa = PBXFileReference; lastKnownFileType = wrapper.framework; name = Accounts.framework; path = System/Library/Frameworks/Accounts.framework; sourceTree = SDKROOT; };
		141454BC16626BF1003B21E0 /* libsqlite3.dylib */ = {isa = PBXFileReference; lastKnownFileType = "compiled.mach-o.dylib"; name = libsqlite3.dylib; path = usr/lib/libsqlite3.dylib; sourceTree = SDKROOT; };
		141454C016626C7A003B21E0 /* AdSupport.framework */ = {isa = PBXFileReference; lastKnownFileType = wrapper.framework; name = AdSupport.framework; path = System/Library/Frameworks/AdSupport.framework; sourceTree = SDKROOT; };
		149C14EF15D94E7000382841 /* QuartzCore.framework */ = {isa = PBXFileReference; lastKnownFileType = wrapper.framework; name = QuartzCore.framework; path = System/Library/Frameworks/QuartzCore.framework; sourceTree = SDKROOT; };
		14B2828415BEF1420030CAC5 /* Demo.app */ = {isa = PBXFileReference; explicitFileType = wrapper.application; includeInIndex = 0; path = Demo.app; sourceTree = BUILT_PRODUCTS_DIR; };
		14B2828815BEF1420030CAC5 /* UIKit.framework */ = {isa = PBXFileReference; lastKnownFileType = wrapper.framework; name = UIKit.framework; path = System/Library/Frameworks/UIKit.framework; sourceTree = SDKROOT; };
		14B2828A15BEF1420030CAC5 /* Foundation.framework */ = {isa = PBXFileReference; lastKnownFileType = wrapper.framework; name = Foundation.framework; path = System/Library/Frameworks/Foundation.framework; sourceTree = SDKROOT; };
		14B2828C15BEF1420030CAC5 /* CoreGraphics.framework */ = {isa = PBXFileReference; lastKnownFileType = wrapper.framework; name = CoreGraphics.framework; path = System/Library/Frameworks/CoreGraphics.framework; sourceTree = SDKROOT; };
		14B2829015BEF1420030CAC5 /* Demo-Info.plist */ = {isa = PBXFileReference; lastKnownFileType = text.plist.xml; path = "Demo-Info.plist"; sourceTree = "<group>"; };
		14B2829215BEF1420030CAC5 /* en */ = {isa = PBXFileReference; lastKnownFileType = text.plist.strings; name = en; path = en.lproj/InfoPlist.strings; sourceTree = "<group>"; };
		14B2829415BEF1420030CAC5 /* main.m */ = {isa = PBXFileReference; lastKnownFileType = sourcecode.c.objc; path = main.m; sourceTree = "<group>"; };
		14B2829615BEF1420030CAC5 /* Demo-Prefix.pch */ = {isa = PBXFileReference; lastKnownFileType = sourcecode.c.h; path = "Demo-Prefix.pch"; sourceTree = "<group>"; };
		14B2829715BEF1420030CAC5 /* AppDelegate.h */ = {isa = PBXFileReference; lastKnownFileType = sourcecode.c.h; path = AppDelegate.h; sourceTree = "<group>"; };
		14B2829815BEF1420030CAC5 /* AppDelegate.m */ = {isa = PBXFileReference; lastKnownFileType = sourcecode.c.objc; path = AppDelegate.m; sourceTree = "<group>"; };
		14B2829B15BEF1420030CAC5 /* en */ = {isa = PBXFileReference; lastKnownFileType = file.storyboard; name = en; path = en.lproj/MainStoryboard_iPhone.storyboard; sourceTree = "<group>"; };
		14B2829E15BEF1420030CAC5 /* en */ = {isa = PBXFileReference; lastKnownFileType = file.storyboard; name = en; path = en.lproj/MainStoryboard_iPad.storyboard; sourceTree = "<group>"; };
		14B282A015BEF1420030CAC5 /* ViewController.h */ = {isa = PBXFileReference; lastKnownFileType = sourcecode.c.h; path = ViewController.h; sourceTree = "<group>"; };
		14B282A115BEF1420030CAC5 /* ViewController.m */ = {isa = PBXFileReference; lastKnownFileType = sourcecode.c.objc; path = ViewController.m; sourceTree = "<group>"; };
		6539DA5717410BB500FE3EE0 /* Default-568h@2x.png */ = {isa = PBXFileReference; lastKnownFileType = image.png; path = "Default-568h@2x.png"; sourceTree = "<group>"; };
		6539DA5817410BB500FE3EE0 /* Default-Landscape.png */ = {isa = PBXFileReference; lastKnownFileType = image.png; path = "Default-Landscape.png"; sourceTree = "<group>"; };
		6539DA5917410BB500FE3EE0 /* Default-Portrait.png */ = {isa = PBXFileReference; lastKnownFileType = image.png; path = "Default-Portrait.png"; sourceTree = "<group>"; };
		6539DA5A17410BB500FE3EE0 /* Default.png */ = {isa = PBXFileReference; lastKnownFileType = image.png; path = Default.png; sourceTree = "<group>"; };
		6539DA5B17410BB500FE3EE0 /* Default@2x.png */ = {isa = PBXFileReference; lastKnownFileType = image.png; path = "Default@2x.png"; sourceTree = "<group>"; };
		6539DA5C17410BB500FE3EE0 /* Flubber.png */ = {isa = PBXFileReference; lastKnownFileType = image.png; path = Flubber.png; sourceTree = "<group>"; };
		6539DA5D17410BB500FE3EE0 /* Icon-72.png */ = {isa = PBXFileReference; lastKnownFileType = image.png; path = "Icon-72.png"; sourceTree = "<group>"; };
		6539DA5E17410BB500FE3EE0 /* Icon-72@2x.png */ = {isa = PBXFileReference; lastKnownFileType = image.png; path = "Icon-72@2x.png"; sourceTree = "<group>"; };
		6539DA5F17410BB500FE3EE0 /* Icon.png */ = {isa = PBXFileReference; lastKnownFileType = image.png; path = Icon.png; sourceTree = "<group>"; };
		6539DA6017410BB500FE3EE0 /* Icon@2x.png */ = {isa = PBXFileReference; lastKnownFileType = image.png; path = "Icon@2x.png"; sourceTree = "<group>"; };
		6539DA7017410CE300FE3EE0 /* SVProgressHUD.bundle */ = {isa = PBXFileReference; lastKnownFileType = "wrapper.plug-in"; path = SVProgressHUD.bundle; sourceTree = "<group>"; };
		6539DA7117410CE300FE3EE0 /* SVProgressHUD.h */ = {isa = PBXFileReference; fileEncoding = 4; lastKnownFileType = sourcecode.c.h; path = SVProgressHUD.h; sourceTree = "<group>"; };
		6539DA7217410CE300FE3EE0 /* SVProgressHUD.m */ = {isa = PBXFileReference; fileEncoding = 4; lastKnownFileType = sourcecode.c.objc; path = SVProgressHUD.m; sourceTree = "<group>"; };
		6539DA7517410D5200FE3EE0 /* Security.framework */ = {isa = PBXFileReference; lastKnownFileType = wrapper.framework; name = Security.framework; path = System/Library/Frameworks/Security.framework; sourceTree = SDKROOT; };
		6539DA7717410D5700FE3EE0 /* Social.framework */ = {isa = PBXFileReference; lastKnownFileType = wrapper.framework; name = Social.framework; path = System/Library/Frameworks/Social.framework; sourceTree = SDKROOT; };
		65ACF77918836997006342CA /* FacebookSDK.framework */ = {isa = PBXFileReference; lastKnownFileType = wrapper.framework; name = FacebookSDK.framework; path = Demo/FacebookSDK.framework; sourceTree = "<group>"; };
/* End PBXFileReference section */

/* Begin PBXFrameworksBuildPhase section */
		14B2828115BEF1420030CAC5 /* Frameworks */ = {
			isa = PBXFrameworksBuildPhase;
			buildActionMask = 2147483647;
			files = (
				141454BB16626B9F003B21E0 /* Accounts.framework in Frameworks */,
				65ACF77A18836997006342CA /* FacebookSDK.framework in Frameworks */,
				141454C116626C7A003B21E0 /* AdSupport.framework in Frameworks */,
				6539DA7617410D5200FE3EE0 /* Security.framework in Frameworks */,
				6539DA7817410D5700FE3EE0 /* Social.framework in Frameworks */,
				141454BD16626BF1003B21E0 /* libsqlite3.dylib in Frameworks */,
				14B2828915BEF1420030CAC5 /* UIKit.framework in Frameworks */,
				14B2828B15BEF1420030CAC5 /* Foundation.framework in Frameworks */,
				14B2828D15BEF1420030CAC5 /* CoreGraphics.framework in Frameworks */,
				149C14F015D94E7000382841 /* QuartzCore.framework in Frameworks */,
			);
			runOnlyForDeploymentPostprocessing = 0;
		};
/* End PBXFrameworksBuildPhase section */

/* Begin PBXGroup section */
		141454B1166269F9003B21E0 /* FMFacebookPanel */ = {
			isa = PBXGroup;
			children = (
				141454B2166269F9003B21E0 /* FMFacebookPanel.bundle */,
				141454B3166269F9003B21E0 /* FMFacebookPanel.h */,
				141454B4166269F9003B21E0 /* FMFacebookPanel.m */,
			);
			name = FMFacebookPanel;
			path = ../FMFacebookPanel;
			sourceTree = "<group>";
		};
		14B2827915BEF1420030CAC5 = {
			isa = PBXGroup;
			children = (
				141454B1166269F9003B21E0 /* FMFacebookPanel */,
				14B2828E15BEF1420030CAC5 /* Demo */,
				14B2828715BEF1420030CAC5 /* Frameworks */,
				14B2828515BEF1420030CAC5 /* Products */,
			);
			sourceTree = "<group>";
		};
		14B2828515BEF1420030CAC5 /* Products */ = {
			isa = PBXGroup;
			children = (
				14B2828415BEF1420030CAC5 /* Demo.app */,
			);
			name = Products;
			sourceTree = "<group>";
		};
		14B2828715BEF1420030CAC5 /* Frameworks */ = {
			isa = PBXGroup;
			children = (
				141454BA16626B9F003B21E0 /* Accounts.framework */,
				141454C016626C7A003B21E0 /* AdSupport.framework */,
				14B2828C15BEF1420030CAC5 /* CoreGraphics.framework */,
				65ACF77918836997006342CA /* FacebookSDK.framework */,
				14B2828A15BEF1420030CAC5 /* Foundation.framework */,
				141454BC16626BF1003B21E0 /* libsqlite3.dylib */,
				149C14EF15D94E7000382841 /* QuartzCore.framework */,
				6539DA7517410D5200FE3EE0 /* Security.framework */,
				6539DA7717410D5700FE3EE0 /* Social.framework */,
				14B2828815BEF1420030CAC5 /* UIKit.framework */,
			);
			name = Frameworks;
			sourceTree = "<group>";
		};
		14B2828E15BEF1420030CAC5 /* Demo */ = {
			isa = PBXGroup;
			children = (
				14B2829715BEF1420030CAC5 /* AppDelegate.h */,
				14B2829815BEF1420030CAC5 /* AppDelegate.m */,
				14B282A015BEF1420030CAC5 /* ViewController.h */,
				14B282A115BEF1420030CAC5 /* ViewController.m */,
				14B2829A15BEF1420030CAC5 /* MainStoryboard_iPhone.storyboard */,
				14B2829D15BEF1420030CAC5 /* MainStoryboard_iPad.storyboard */,
				14B2828F15BEF1420030CAC5 /* Supporting Files */,
			);
			path = Demo;
			sourceTree = "<group>";
		};
		14B2828F15BEF1420030CAC5 /* Supporting Files */ = {
			isa = PBXGroup;
			children = (
				6539DA5617410BB500FE3EE0 /* Images */,
				6539DA6F17410CE300FE3EE0 /* SVProgressHUD */,
				14B2829015BEF1420030CAC5 /* Demo-Info.plist */,
				14B2829115BEF1420030CAC5 /* InfoPlist.strings */,
				14B2829415BEF1420030CAC5 /* main.m */,
				14B2829615BEF1420030CAC5 /* Demo-Prefix.pch */,
			);
			name = "Supporting Files";
			sourceTree = "<group>";
		};
		6539DA5617410BB500FE3EE0 /* Images */ = {
			isa = PBXGroup;
			children = (
				6539DA5717410BB500FE3EE0 /* Default-568h@2x.png */,
				6539DA5817410BB500FE3EE0 /* Default-Landscape.png */,
				6539DA5917410BB500FE3EE0 /* Default-Portrait.png */,
				6539DA5A17410BB500FE3EE0 /* Default.png */,
				6539DA5B17410BB500FE3EE0 /* Default@2x.png */,
				6539DA5C17410BB500FE3EE0 /* Flubber.png */,
				6539DA5D17410BB500FE3EE0 /* Icon-72.png */,
				6539DA5E17410BB500FE3EE0 /* Icon-72@2x.png */,
				6539DA5F17410BB500FE3EE0 /* Icon.png */,
				6539DA6017410BB500FE3EE0 /* Icon@2x.png */,
			);
			path = Images;
			sourceTree = "<group>";
		};
		6539DA6F17410CE300FE3EE0 /* SVProgressHUD */ = {
			isa = PBXGroup;
			children = (
				6539DA7017410CE300FE3EE0 /* SVProgressHUD.bundle */,
				6539DA7117410CE300FE3EE0 /* SVProgressHUD.h */,
				6539DA7217410CE300FE3EE0 /* SVProgressHUD.m */,
			);
			path = SVProgressHUD;
			sourceTree = "<group>";
		};
/* End PBXGroup section */

/* Begin PBXNativeTarget section */
		14B2828315BEF1420030CAC5 /* Demo */ = {
			isa = PBXNativeTarget;
			buildConfigurationList = 14B282A515BEF1420030CAC5 /* Build configuration list for PBXNativeTarget "Demo" */;
			buildPhases = (
				14B2828015BEF1420030CAC5 /* Sources */,
				14B2828115BEF1420030CAC5 /* Frameworks */,
				14B2828215BEF1420030CAC5 /* Resources */,
			);
			buildRules = (
			);
			dependencies = (
			);
			name = Demo;
			productName = Demo;
			productReference = 14B2828415BEF1420030CAC5 /* Demo.app */;
			productType = "com.apple.product-type.application";
		};
/* End PBXNativeTarget section */

/* Begin PBXProject section */
		14B2827B15BEF1420030CAC5 /* Project object */ = {
			isa = PBXProject;
			attributes = {
				LastUpgradeCheck = 0510;
				ORGANIZATIONNAME = "Flubber Media Ltd";
			};
			buildConfigurationList = 14B2827E15BEF1420030CAC5 /* Build configuration list for PBXProject "Demo" */;
			compatibilityVersion = "Xcode 3.2";
			developmentRegion = English;
			hasScannedForEncodings = 0;
			knownRegions = (
				en,
			);
			mainGroup = 14B2827915BEF1420030CAC5;
			productRefGroup = 14B2828515BEF1420030CAC5 /* Products */;
			projectDirPath = "";
			projectRoot = "";
			targets = (
				14B2828315BEF1420030CAC5 /* Demo */,
			);
		};
/* End PBXProject section */

/* Begin PBXResourcesBuildPhase section */
		14B2828215BEF1420030CAC5 /* Resources */ = {
			isa = PBXResourcesBuildPhase;
			buildActionMask = 2147483647;
			files = (
				14B2829315BEF1420030CAC5 /* InfoPlist.strings in Resources */,
				14B2829C15BEF1420030CAC5 /* MainStoryboard_iPhone.storyboard in Resources */,
				14B2829F15BEF1420030CAC5 /* MainStoryboard_iPad.storyboard in Resources */,
				141454B8166269F9003B21E0 /* FMFacebookPanel.bundle in Resources */,
				6539DA6117410BB500FE3EE0 /* Default-568h@2x.png in Resources */,
				6539DA6217410BB500FE3EE0 /* Default-Landscape.png in Resources */,
				6539DA6317410BB500FE3EE0 /* Default-Portrait.png in Resources */,
				6539DA6417410BB500FE3EE0 /* Default.png in Resources */,
				6539DA6517410BB500FE3EE0 /* Default@2x.png in Resources */,
				6539DA6617410BB500FE3EE0 /* Flubber.png in Resources */,
				6539DA6717410BB500FE3EE0 /* Icon-72.png in Resources */,
				6539DA6817410BB500FE3EE0 /* Icon-72@2x.png in Resources */,
				6539DA6917410BB500FE3EE0 /* Icon.png in Resources */,
				6539DA6A17410BB500FE3EE0 /* Icon@2x.png in Resources */,
				6539DA7317410CE300FE3EE0 /* SVProgressHUD.bundle in Resources */,
			);
			runOnlyForDeploymentPostprocessing = 0;
		};
/* End PBXResourcesBuildPhase section */

/* Begin PBXSourcesBuildPhase section */
		14B2828015BEF1420030CAC5 /* Sources */ = {
			isa = PBXSourcesBuildPhase;
			buildActionMask = 2147483647;
			files = (
				14B2829515BEF1420030CAC5 /* main.m in Sources */,
				14B2829915BEF1420030CAC5 /* AppDelegate.m in Sources */,
				14B282A215BEF1420030CAC5 /* ViewController.m in Sources */,
				141454B9166269F9003B21E0 /* FMFacebookPanel.m in Sources */,
				6539DA7417410CE300FE3EE0 /* SVProgressHUD.m in Sources */,
			);
			runOnlyForDeploymentPostprocessing = 0;
		};
/* End PBXSourcesBuildPhase section */

/* Begin PBXVariantGroup section */
		14B2829115BEF1420030CAC5 /* InfoPlist.strings */ = {
			isa = PBXVariantGroup;
			children = (
				14B2829215BEF1420030CAC5 /* en */,
			);
			name = InfoPlist.strings;
			sourceTree = "<group>";
		};
		14B2829A15BEF1420030CAC5 /* MainStoryboard_iPhone.storyboard */ = {
			isa = PBXVariantGroup;
			children = (
				14B2829B15BEF1420030CAC5 /* en */,
			);
			name = MainStoryboard_iPhone.storyboard;
			sourceTree = "<group>";
		};
		14B2829D15BEF1420030CAC5 /* MainStoryboard_iPad.storyboard */ = {
			isa = PBXVariantGroup;
			children = (
				14B2829E15BEF1420030CAC5 /* en */,
			);
			name = MainStoryboard_iPad.storyboard;
			sourceTree = "<group>";
		};
/* End PBXVariantGroup section */

/* Begin XCBuildConfiguration section */
		14B282A315BEF1420030CAC5 /* Debug */ = {
			isa = XCBuildConfiguration;
			buildSettings = {
				ALWAYS_SEARCH_USER_PATHS = NO;
				CLANG_ENABLE_OBJC_ARC = YES;
				CLANG_WARN_BOOL_CONVERSION = YES;
				CLANG_WARN_CONSTANT_CONVERSION = YES;
				CLANG_WARN_EMPTY_BODY = YES;
				CLANG_WARN_ENUM_CONVERSION = YES;
				CLANG_WARN_INT_CONVERSION = YES;
				CLANG_WARN__DUPLICATE_METHOD_MATCH = YES;
				"CODE_SIGN_IDENTITY[sdk=iphoneos*]" = "iPhone Developer";
				COPY_PHASE_STRIP = NO;
				GCC_C_LANGUAGE_STANDARD = gnu99;
				GCC_DYNAMIC_NO_PIC = NO;
				GCC_OPTIMIZATION_LEVEL = 0;
				GCC_PREPROCESSOR_DEFINITIONS = (
					"DEBUG=1",
					"$(inherited)",
				);
				GCC_SYMBOLS_PRIVATE_EXTERN = NO;
				GCC_VERSION = com.apple.compilers.llvm.clang.1_0;
				GCC_WARN_64_TO_32_BIT_CONVERSION = YES;
				GCC_WARN_ABOUT_RETURN_TYPE = YES;
				GCC_WARN_UNDECLARED_SELECTOR = YES;
				GCC_WARN_UNINITIALIZED_AUTOS = YES;
				GCC_WARN_UNUSED_FUNCTION = YES;
				GCC_WARN_UNUSED_VARIABLE = YES;
				IPHONEOS_DEPLOYMENT_TARGET = 5.0;
				ONLY_ACTIVE_ARCH = YES;
				SDKROOT = iphoneos;
				TARGETED_DEVICE_FAMILY = "1,2";
			};
			name = Debug;
		};
		14B282A415BEF1420030CAC5 /* Release */ = {
			isa = XCBuildConfiguration;
			buildSettings = {
				ALWAYS_SEARCH_USER_PATHS = NO;
				CLANG_ENABLE_OBJC_ARC = YES;
				CLANG_WARN_BOOL_CONVERSION = YES;
				CLANG_WARN_CONSTANT_CONVERSION = YES;
				CLANG_WARN_EMPTY_BODY = YES;
				CLANG_WARN_ENUM_CONVERSION = YES;
				CLANG_WARN_INT_CONVERSION = YES;
				CLANG_WARN__DUPLICATE_METHOD_MATCH = YES;
				"CODE_SIGN_IDENTITY[sdk=iphoneos*]" = "iPhone Developer";
				COPY_PHASE_STRIP = YES;
				GCC_C_LANGUAGE_STANDARD = gnu99;
				GCC_VERSION = com.apple.compilers.llvm.clang.1_0;
				GCC_WARN_64_TO_32_BIT_CONVERSION = YES;
				GCC_WARN_ABOUT_RETURN_TYPE = YES;
				GCC_WARN_UNDECLARED_SELECTOR = YES;
				GCC_WARN_UNINITIALIZED_AUTOS = YES;
				GCC_WARN_UNUSED_FUNCTION = YES;
				GCC_WARN_UNUSED_VARIABLE = YES;
				IPHONEOS_DEPLOYMENT_TARGET = 5.1.1;
				OTHER_CFLAGS = "-DNS_BLOCK_ASSERTIONS=1";
				SDKROOT = iphoneos;
				TARGETED_DEVICE_FAMILY = "1,2";
				VALIDATE_PRODUCT = YES;
			};
			name = Release;
		};
		14B282A615BEF1420030CAC5 /* Debug */ = {
			isa = XCBuildConfiguration;
			buildSettings = {
				FRAMEWORK_SEARCH_PATHS = (
					"$(inherited)",
					"$(SRCROOT)/Demo",
				);
				GCC_PRECOMPILE_PREFIX_HEADER = YES;
				GCC_PREFIX_HEADER = "Demo/Demo-Prefix.pch";
				INFOPLIST_FILE = "Demo/Demo-Info.plist";
				PRODUCT_NAME = "$(TARGET_NAME)";
				WRAPPER_EXTENSION = app;
			};
			name = Debug;
		};
		14B282A715BEF1420030CAC5 /* Release */ = {
			isa = XCBuildConfiguration;
			buildSettings = {
				FRAMEWORK_SEARCH_PATHS = (
					"$(inherited)",
					"$(SRCROOT)/Demo",
				);
				GCC_PRECOMPILE_PREFIX_HEADER = YES;
				GCC_PREFIX_HEADER = "Demo/Demo-Prefix.pch";
				INFOPLIST_FILE = "Demo/Demo-Info.plist";
				PRODUCT_NAME = "$(TARGET_NAME)";
				WRAPPER_EXTENSION = app;
			};
			name = Release;
		};
/* End XCBuildConfiguration section */

/* Begin XCConfigurationList section */
		14B2827E15BEF1420030CAC5 /* Build configuration list for PBXProject "Demo" */ = {
			isa = XCConfigurationList;
			buildConfigurations = (
				14B282A315BEF1420030CAC5 /* Debug */,
				14B282A415BEF1420030CAC5 /* Release */,
			);
			defaultConfigurationIsVisible = 0;
			defaultConfigurationName = Release;
		};
		14B282A515BEF1420030CAC5 /* Build configuration list for PBXNativeTarget "Demo" */ = {
			isa = XCConfigurationList;
			buildConfigurations = (
				14B282A615BEF1420030CAC5 /* Debug */,
				14B282A715BEF1420030CAC5 /* Release */,
			);
			defaultConfigurationIsVisible = 0;
			defaultConfigurationName = Release;
		};
/* End XCConfigurationList section */
	};
	rootObject = 14B2827B15BEF1420030CAC5 /* Project object */;
}
